
Microsoft Visual Studio Solution File, Format Version 12.00
# Visual Studio Version 16
VisualStudioVersion = 16.0.29728.190
MinimumVisualStudioVersion = 10.0.40219.1
Project("{FAE04EC0-301F-11D3-BF4B-00C04F79EFBC}") = "ReadLogLibrary", "ReadLogLibrary\ReadLogLibrary.csproj", "{7DCDAB90-10B3-4677-8C9C-FDB35638FE0E}"
EndProject
Project("{FAE04EC0-301F-11D3-BF4B-00C04F79EFBC}") = "ReadLogConsole", "ReadLogConsole\ReadLogConsole.csproj", "{8AB0B57F-3766-428B-BFA1-7C31CB12A17C}"
EndProject
Global
	GlobalSection(SolutionConfigurationPlatforms) = preSolution
		Debug|Any CPU = Debug|Any CPU
		Release|Any CPU = Release|Any CPU
	EndGlobalSection
	GlobalSection(ProjectConfigurationPlatforms) = postSolution
		{7DCDAB90-10B3-4677-8C9C-FDB35638FE0E}.Debug|Any CPU.ActiveCfg = Debug|Any CPU
		{7DCDAB90-10B3-4677-8C9C-FDB35638FE0E}.Debug|Any CPU.Build.0 = Debug|Any CPU
		{7DCDAB90-10B3-4677-8C9C-FDB35638FE0E}.Release|Any CPU.ActiveCfg = Release|Any CPU
		{7DCDAB90-10B3-4677-8C9C-FDB35638FE0E}.Release|Any CPU.Build.0 = Release|Any CPU
		{8AB0B57F-3766-428B-BFA1-7C31CB12A17C}.Debug|Any CPU.ActiveCfg = Debug|Any CPU
		{8AB0B57F-3766-428B-BFA1-7C31CB12A17C}.Debug|Any CPU.Build.0 = Debug|Any CPU
		{8AB0B57F-3766-428B-BFA1-7C31CB12A17C}.Release|Any CPU.ActiveCfg = Release|Any CPU
		{8AB0B57F-3766-428B-BFA1-7C31CB12A17C}.Release|Any CPU.Build.0 = Release|Any CPU
	EndGlobalSection
	GlobalSection(SolutionProperties) = preSolution
		HideSolutionNode = FALSE
	EndGlobalSection
	GlobalSection(ExtensibilityGlobals) = postSolution
		SolutionGuid = {AEFCFB00-3611-41B0-A1BB-F459377B13D0}
	EndGlobalSection
EndGlobal
